
Microsoft Visual Studio Solution File, Format Version 12.00
# Visual Studio 2012
Project("{FAE04EC0-301F-11D3-BF4B-00C04F79EFBC}") = "ClientConnector", "ClientConnector\ClientConnector.csproj", "{8A8CE1E2-B3A2-4AA0-AB9A-E9673653BA15}"
EndProject
Global
	GlobalSection(SolutionConfigurationPlatforms) = preSolution
		Debug|Any CPU = Debug|Any CPU
		Release|Any CPU = Release|Any CPU
	EndGlobalSection
	GlobalSection(ProjectConfigurationPlatforms) = postSolution
		{8A8CE1E2-B3A2-4AA0-AB9A-E9673653BA15}.Debug|Any CPU.ActiveCfg = Debug|Any CPU
		{8A8CE1E2-B3A2-4AA0-AB9A-E9673653BA15}.Debug|Any CPU.Build.0 = Debug|Any CPU
		{8A8CE1E2-B3A2-4AA0-AB9A-E9673653BA15}.Release|Any CPU.ActiveCfg = Release|Any CPU
		{8A8CE1E2-B3A2-4AA0-AB9A-E9673653BA15}.Release|Any CPU.Build.0 = Release|Any CPU
	EndGlobalSection
EndGlobal
