Microsoft Visual Studio Solution File, Format Version 11.00
# Visual Studio 2008

Project("{7957BDE4-230A-131B-06B8-FB90DA4D7B45}") = "AdventuresOfBaldric", "Assembly-CSharp.csproj", "{84447623-3863-D71E-92A7-FDC185E475C5}"
EndProject
Global
	GlobalSection(SolutionConfigurationPlatforms) = preSolution
		Debug|Any CPU = Debug|Any CPU
		Release|Any CPU = Release|Any CPU
	EndGlobalSection
	GlobalSection(ProjectConfigurationPlatforms) = postSolution
		{84447623-3863-D71E-92A7-FDC185E475C5}.Debug|Any CPU.ActiveCfg = Debug|Any CPU
		{84447623-3863-D71E-92A7-FDC185E475C5}.Debug|Any CPU.Build.0 = Debug|Any CPU
		{84447623-3863-D71E-92A7-FDC185E475C5}.Release|Any CPU.ActiveCfg = Release|Any CPU
		{84447623-3863-D71E-92A7-FDC185E475C5}.Release|Any CPU.Build.0 = Release|Any CPU
	EndGlobalSection
	GlobalSection(SolutionProperties) = preSolution
		HideSolutionNode = FALSE
	EndGlobalSection
	GlobalSection(MonoDevelopProperties) = preSolution
		StartupItem = Assembly-CSharp.csproj
	EndGlobalSection
EndGlobal
